
Microsoft Visual Studio Solution File, Format Version 12.00
# Visual Studio 15
VisualStudioVersion = 15.0.28010.2019
MinimumVisualStudioVersion = 10.0.40219.1
Project("{FAE04EC0-301F-11D3-BF4B-00C04F79EFBC}") = "MyGroupMembership", "GetMyGroups\MyGroupMembership.csproj", "{071AE8C6-418C-41EF-A3D0-B168D4E022B3}"
EndProject
Global
	GlobalSection(SolutionConfigurationPlatforms) = preSolution
		Debug|Any CPU = Debug|Any CPU
		Release|Any CPU = Release|Any CPU
	EndGlobalSection
	GlobalSection(ProjectConfigurationPlatforms) = postSolution
		{071AE8C6-418C-41EF-A3D0-B168D4E022B3}.Debug|Any CPU.ActiveCfg = Debug|Any CPU
		{071AE8C6-418C-41EF-A3D0-B168D4E022B3}.Debug|Any CPU.Build.0 = Debug|Any CPU
		{071AE8C6-418C-41EF-A3D0-B168D4E022B3}.Release|Any CPU.ActiveCfg = Release|Any CPU
		{071AE8C6-418C-41EF-A3D0-B168D4E022B3}.Release|Any CPU.Build.0 = Release|Any CPU
	EndGlobalSection
	GlobalSection(SolutionProperties) = preSolution
		HideSolutionNode = FALSE
	EndGlobalSection
	GlobalSection(ExtensibilityGlobals) = postSolution
		SolutionGuid = {99782940-FE7E-440F-ACB2-870C1DE91444}
	EndGlobalSection
EndGlobal
